// !$*UTF8*$!
{
	archiveVersion = 1;
	classes = {
	};
	objectVersion = 50;
	objects = {

/* Begin PBXBuildFile section */
		07B7497920AC386B00D7B649 /* IFFilePathPattern.m in Sources */ = {isa = PBXBuildFile; fileRef = 07B7497720AC386B00D7B649 /* IFFilePathPattern.m */; };
		07B7498520AC57A500D7B649 /* libFilePathPattern.a in Frameworks */ = {isa = PBXBuildFile; fileRef = 078B0F7220AC384200AB61CF /* libFilePathPattern.a */; };
		07B7498C20AC57C200D7B649 /* FilePathPatternTests.m in Sources */ = {isa = PBXBuildFile; fileRef = 07B7498B20AC57C200D7B649 /* FilePathPatternTests.m */; };
/* End PBXBuildFile section */

/* Begin PBXContainerItemProxy section */
		07B7498620AC57A500D7B649 /* PBXContainerItemProxy */ = {
			isa = PBXContainerItemProxy;
			containerPortal = 078B0F6A20AC384200AB61CF /* Project object */;
			proxyType = 1;
			remoteGlobalIDString = 078B0F7120AC384200AB61CF;
			remoteInfo = FilePathPattern;
		};
/* End PBXContainerItemProxy section */

/* Begin PBXCopyFilesBuildPhase section */
		078B0F7020AC384200AB61CF /* CopyFiles */ = {
			isa = PBXCopyFilesBuildPhase;
			buildActionMask = 2147483647;
			dstPath = "include/$(PRODUCT_NAME)";
			dstSubfolderSpec = 16;
			files = (
			);
			runOnlyForDeploymentPostprocessing = 0;
		};
/* End PBXCopyFilesBuildPhase section */

/* Begin PBXFileReference section */
		078B0F7220AC384200AB61CF /* libFilePathPattern.a */ = {isa = PBXFileReference; explicitFileType = archive.ar; includeInIndex = 0; path = libFilePathPattern.a; sourceTree = BUILT_PRODUCTS_DIR; };
		07B7497720AC386B00D7B649 /* IFFilePathPattern.m */ = {isa = PBXFileReference; fileEncoding = 4; lastKnownFileType = sourcecode.c.objc; path = IFFilePathPattern.m; sourceTree = "<group>"; };
		07B7497820AC386B00D7B649 /* IFFilePathPattern.h */ = {isa = PBXFileReference; fileEncoding = 4; lastKnownFileType = sourcecode.c.h; path = IFFilePathPattern.h; sourceTree = "<group>"; };
		07B7497A20AC388F00D7B649 /* README.md */ = {isa = PBXFileReference; fileEncoding = 4; lastKnownFileType = net.daringfireball.markdown; path = README.md; sourceTree = "<group>"; };
		07B7497B20AC388F00D7B649 /* LICENSE */ = {isa = PBXFileReference; fileEncoding = 4; lastKnownFileType = text; path = LICENSE; sourceTree = "<group>"; };
		07B7498020AC57A500D7B649 /* Tests.xctest */ = {isa = PBXFileReference; explicitFileType = wrapper.cfbundle; includeInIndex = 0; path = Tests.xctest; sourceTree = BUILT_PRODUCTS_DIR; };
		07B7498420AC57A500D7B649 /* Info.plist */ = {isa = PBXFileReference; lastKnownFileType = text.plist.xml; path = Info.plist; sourceTree = "<group>"; };
		07B7498B20AC57C200D7B649 /* FilePathPatternTests.m */ = {isa = PBXFileReference; lastKnownFileType = sourcecode.c.objc; path = FilePathPatternTests.m; sourceTree = "<group>"; };
/* End PBXFileReference section */

/* Begin PBXFrameworksBuildPhase section */
		078B0F6F20AC384200AB61CF /* Frameworks */ = {
			isa = PBXFrameworksBuildPhase;
			buildActionMask = 2147483647;
			files = (
			);
			runOnlyForDeploymentPostprocessing = 0;
		};
		07B7497D20AC57A500D7B649 /* Frameworks */ = {
			isa = PBXFrameworksBuildPhase;
			buildActionMask = 2147483647;
			files = (
				07B7498520AC57A500D7B649 /* libFilePathPattern.a in Frameworks */,
			);
			runOnlyForDeploymentPostprocessing = 0;
		};
/* End PBXFrameworksBuildPhase section */

/* Begin PBXGroup section */
		078B0F6920AC384200AB61CF = {
			isa = PBXGroup;
			children = (
				07B7497B20AC388F00D7B649 /* LICENSE */,
				07B7497A20AC388F00D7B649 /* README.md */,
				07B7497820AC386B00D7B649 /* IFFilePathPattern.h */,
				07B7497720AC386B00D7B649 /* IFFilePathPattern.m */,
				07B7498120AC57A500D7B649 /* Tests */,
				078B0F7320AC384200AB61CF /* Products */,
			);
			sourceTree = "<group>";
		};
		078B0F7320AC384200AB61CF /* Products */ = {
			isa = PBXGroup;
			children = (
				078B0F7220AC384200AB61CF /* libFilePathPattern.a */,
				07B7498020AC57A500D7B649 /* Tests.xctest */,
			);
			name = Products;
			sourceTree = "<group>";
		};
		07B7498120AC57A500D7B649 /* Tests */ = {
			isa = PBXGroup;
			children = (
				07B7498B20AC57C200D7B649 /* FilePathPatternTests.m */,
				07B7498420AC57A500D7B649 /* Info.plist */,
			);
			path = Tests;
			sourceTree = "<group>";
		};
/* End PBXGroup section */

/* Begin PBXNativeTarget section */
		078B0F7120AC384200AB61CF /* FilePathPattern */ = {
			isa = PBXNativeTarget;
			buildConfigurationList = 078B0F7B20AC384200AB61CF /* Build configuration list for PBXNativeTarget "FilePathPattern" */;
			buildPhases = (
				078B0F6E20AC384200AB61CF /* Sources */,
				078B0F6F20AC384200AB61CF /* Frameworks */,
				078B0F7020AC384200AB61CF /* CopyFiles */,
			);
			buildRules = (
			);
			dependencies = (
			);
			name = FilePathPattern;
			productName = FilePathPattern;
			productReference = 078B0F7220AC384200AB61CF /* libFilePathPattern.a */;
			productType = "com.apple.product-type.library.static";
		};
		07B7497F20AC57A500D7B649 /* Tests */ = {
			isa = PBXNativeTarget;
			buildConfigurationList = 07B7498820AC57A500D7B649 /* Build configuration list for PBXNativeTarget "Tests" */;
			buildPhases = (
				07B7497C20AC57A500D7B649 /* Sources */,
				07B7497D20AC57A500D7B649 /* Frameworks */,
				07B7497E20AC57A500D7B649 /* Resources */,
			);
			buildRules = (
			);
			dependencies = (
				07B7498720AC57A500D7B649 /* PBXTargetDependency */,
			);
			name = Tests;
			productName = Tests;
			productReference = 07B7498020AC57A500D7B649 /* Tests.xctest */;
			productType = "com.apple.product-type.bundle.unit-test";
		};
/* End PBXNativeTarget section */

/* Begin PBXProject section */
		078B0F6A20AC384200AB61CF /* Project object */ = {
			isa = PBXProject;
			attributes = {
				LastUpgradeCheck = 0930;
				ORGANIZATIONNAME = "InnerFunction Ltd.";
				TargetAttributes = {
					078B0F7120AC384200AB61CF = {
						CreatedOnToolsVersion = 9.3.1;
					};
					07B7497F20AC57A500D7B649 = {
						CreatedOnToolsVersion = 9.3.1;
					};
				};
			};
			buildConfigurationList = 078B0F6D20AC384200AB61CF /* Build configuration list for PBXProject "FilePathPattern" */;
			compatibilityVersion = "Xcode 9.3";
			developmentRegion = en;
			hasScannedForEncodings = 0;
			knownRegions = (
				en,
			);
			mainGroup = 078B0F6920AC384200AB61CF;
			productRefGroup = 078B0F7320AC384200AB61CF /* Products */;
			projectDirPath = "";
			projectRoot = "";
			targets = (
				078B0F7120AC384200AB61CF /* FilePathPattern */,
				07B7497F20AC57A500D7B649 /* Tests */,
			);
		};
/* End PBXProject section */

/* Begin PBXResourcesBuildPhase section */
		07B7497E20AC57A500D7B649 /* Resources */ = {
			isa = PBXResourcesBuildPhase;
			buildActionMask = 2147483647;
			files = (
			);
			runOnlyForDeploymentPostprocessing = 0;
		};
/* End PBXResourcesBuildPhase section */

/* Begin PBXSourcesBuildPhase section */
		078B0F6E20AC384200AB61CF /* Sources */ = {
			isa = PBXSourcesBuildPhase;
			buildActionMask = 2147483647;
			files = (
				07B7497920AC386B00D7B649 /* IFFilePathPattern.m in Sources */,
			);
			runOnlyForDeploymentPostprocessing = 0;
		};
		07B7497C20AC57A500D7B649 /* Sources */ = {
			isa = PBXSourcesBuildPhase;
			buildActionMask = 2147483647;
			files = (
				07B7498C20AC57C200D7B649 /* FilePathPatternTests.m in Sources */,
			);
			runOnlyForDeploymentPostprocessing = 0;
		};
/* End PBXSourcesBuildPhase section */

/* Begin PBXTargetDependency section */
		07B7498720AC57A500D7B649 /* PBXTargetDependency */ = {
			isa = PBXTargetDependency;
			target = 078B0F7120AC384200AB61CF /* FilePathPattern */;
			targetProxy = 07B7498620AC57A500D7B649 /* PBXContainerItemProxy */;
		};
/* End PBXTargetDependency section */

/* Begin XCBuildConfiguration section */
		078B0F7920AC384200AB61CF /* Debug */ = {
			isa = XCBuildConfiguration;
			buildSettings = {
				ALWAYS_SEARCH_USER_PATHS = NO;
				CLANG_ANALYZER_NONNULL = YES;
				CLANG_ANALYZER_NUMBER_OBJECT_CONVERSION = YES_AGGRESSIVE;
				CLANG_CXX_LANGUAGE_STANDARD = "gnu++14";
				CLANG_CXX_LIBRARY = "libc++";
				CLANG_ENABLE_MODULES = YES;
				CLANG_ENABLE_OBJC_ARC = YES;
				CLANG_ENABLE_OBJC_WEAK = YES;
				CLANG_WARN_BLOCK_CAPTURE_AUTORELEASING = YES;
				CLANG_WARN_BOOL_CONVERSION = YES;
				CLANG_WARN_COMMA = YES;
				CLANG_WARN_CONSTANT_CONVERSION = YES;
				CLANG_WARN_DEPRECATED_OBJC_IMPLEMENTATIONS = YES;
				CLANG_WARN_DIRECT_OBJC_ISA_USAGE = YES_ERROR;
				CLANG_WARN_DOCUMENTATION_COMMENTS = YES;
				CLANG_WARN_EMPTY_BODY = YES;
				CLANG_WARN_ENUM_CONVERSION = YES;
				CLANG_WARN_INFINITE_RECURSION = YES;
				CLANG_WARN_INT_CONVERSION = YES;
				CLANG_WARN_NON_LITERAL_NULL_CONVERSION = YES;
				CLANG_WARN_OBJC_IMPLICIT_RETAIN_SELF = YES;
				CLANG_WARN_OBJC_LITERAL_CONVERSION = YES;
				CLANG_WARN_OBJC_ROOT_CLASS = YES_ERROR;
				CLANG_WARN_RANGE_LOOP_ANALYSIS = YES;
				CLANG_WARN_STRICT_PROTOTYPES = YES;
				CLANG_WARN_SUSPICIOUS_MOVE = YES;
				CLANG_WARN_UNGUARDED_AVAILABILITY = YES_AGGRESSIVE;
				CLANG_WARN_UNREACHABLE_CODE = YES;
				CLANG_WARN__DUPLICATE_METHOD_MATCH = YES;
				CODE_SIGN_IDENTITY = "iPhone Developer";
				COPY_PHASE_STRIP = NO;
				DEBUG_INFORMATION_FORMAT = dwarf;
				ENABLE_STRICT_OBJC_MSGSEND = YES;
				ENABLE_TESTABILITY = YES;
				GCC_C_LANGUAGE_STANDARD = gnu11;
				GCC_DYNAMIC_NO_PIC = NO;
				GCC_NO_COMMON_BLOCKS = YES;
				GCC_OPTIMIZATION_LEVEL = 0;
				GCC_PREPROCESSOR_DEFINITIONS = (
					"DEBUG=1",
					"$(inherited)",
				);
				GCC_WARN_64_TO_32_BIT_CONVERSION = YES;
				GCC_WARN_ABOUT_RETURN_TYPE = YES_ERROR;
				GCC_WARN_UNDECLARED_SELECTOR = YES;
				GCC_WARN_UNINITIALIZED_AUTOS = YES_AGGRESSIVE;
				GCC_WARN_UNUSED_FUNCTION = YES;
				GCC_WARN_UNUSED_VARIABLE = YES;
				IPHONEOS_DEPLOYMENT_TARGET = 11.3;
				MTL_ENABLE_DEBUG_INFO = YES;
				ONLY_ACTIVE_ARCH = YES;
				SDKROOT = iphoneos;
			};
			name = Debug;
		};
		078B0F7A20AC384200AB61CF /* Release */ = {
			isa = XCBuildConfiguration;
			buildSettings = {
				ALWAYS_SEARCH_USER_PATHS = NO;
				CLANG_ANALYZER_NONNULL = YES;
				CLANG_ANALYZER_NUMBER_OBJECT_CONVERSION = YES_AGGRESSIVE;
				CLANG_CXX_LANGUAGE_STANDARD = "gnu++14";
				CLANG_CXX_LIBRARY = "libc++";
				CLANG_ENABLE_MODULES = YES;
				CLANG_ENABLE_OBJC_ARC = YES;
				CLANG_ENABLE_OBJC_WEAK = YES;
				CLANG_WARN_BLOCK_CAPTURE_AUTORELEASING = YES;
				CLANG_WARN_BOOL_CONVERSION = YES;
				CLANG_WARN_COMMA = YES;
				CLANG_WARN_CONSTANT_CONVERSION = YES;
				CLANG_WARN_DEPRECATED_OBJC_IMPLEMENTATIONS = YES;
				CLANG_WARN_DIRECT_OBJC_ISA_USAGE = YES_ERROR;
				CLANG_WARN_DOCUMENTATION_COMMENTS = YES;
				CLANG_WARN_EMPTY_BODY = YES;
				CLANG_WARN_ENUM_CONVERSION = YES;
				CLANG_WARN_INFINITE_RECURSION = YES;
				CLANG_WARN_INT_CONVERSION = YES;
				CLANG_WARN_NON_LITERAL_NULL_CONVERSION = YES;
				CLANG_WARN_OBJC_IMPLICIT_RETAIN_SELF = YES;
				CLANG_WARN_OBJC_LITERAL_CONVERSION = YES;
				CLANG_WARN_OBJC_ROOT_CLASS = YES_ERROR;
				CLANG_WARN_RANGE_LOOP_ANALYSIS = YES;
				CLANG_WARN_STRICT_PROTOTYPES = YES;
				CLANG_WARN_SUSPICIOUS_MOVE = YES;
				CLANG_WARN_UNGUARDED_AVAILABILITY = YES_AGGRESSIVE;
				CLANG_WARN_UNREACHABLE_CODE = YES;
				CLANG_WARN__DUPLICATE_METHOD_MATCH = YES;
				CODE_SIGN_IDENTITY = "iPhone Developer";
				COPY_PHASE_STRIP = NO;
				DEBUG_INFORMATION_FORMAT = "dwarf-with-dsym";
				ENABLE_NS_ASSERTIONS = NO;
				ENABLE_STRICT_OBJC_MSGSEND = YES;
				GCC_C_LANGUAGE_STANDARD = gnu11;
				GCC_NO_COMMON_BLOCKS = YES;
				GCC_WARN_64_TO_32_BIT_CONVERSION = YES;
				GCC_WARN_ABOUT_RETURN_TYPE = YES_ERROR;
				GCC_WARN_UNDECLARED_SELECTOR = YES;
				GCC_WARN_UNINITIALIZED_AUTOS = YES_AGGRESSIVE;
				GCC_WARN_UNUSED_FUNCTION = YES;
				GCC_WARN_UNUSED_VARIABLE = YES;
				IPHONEOS_DEPLOYMENT_TARGET = 11.3;
				MTL_ENABLE_DEBUG_INFO = NO;
				SDKROOT = iphoneos;
				VALIDATE_PRODUCT = YES;
			};
			name = Release;
		};
		078B0F7C20AC384200AB61CF /* Debug */ = {
			isa = XCBuildConfiguration;
			buildSettings = {
				CODE_SIGN_STYLE = Automatic;
				DEVELOPMENT_TEAM = 3XR8BZRTAM;
				OTHER_LDFLAGS = "-ObjC";
				PRODUCT_NAME = "$(TARGET_NAME)";
				SKIP_INSTALL = YES;
				TARGETED_DEVICE_FAMILY = "1,2";
			};
			name = Debug;
		};
		078B0F7D20AC384200AB61CF /* Release */ = {
			isa = XCBuildConfiguration;
			buildSettings = {
				CODE_SIGN_STYLE = Automatic;
				DEVELOPMENT_TEAM = 3XR8BZRTAM;
				OTHER_LDFLAGS = "-ObjC";
				PRODUCT_NAME = "$(TARGET_NAME)";
				SKIP_INSTALL = YES;
				TARGETED_DEVICE_FAMILY = "1,2";
			};
			name = Release;
		};
		07B7498920AC57A500D7B649 /* Debug */ = {
			isa = XCBuildConfiguration;
			buildSettings = {
				CODE_SIGN_STYLE = Automatic;
				DEVELOPMENT_TEAM = 3XR8BZRTAM;
				INFOPLIST_FILE = Tests/Info.plist;
				LD_RUNPATH_SEARCH_PATHS = (
					"$(inherited)",
					"@executable_path/Frameworks",
					"@loader_path/Frameworks",
				);
				PRODUCT_BUNDLE_IDENTIFIER = com.innerfunction.Tests;
				PRODUCT_NAME = "$(TARGET_NAME)";
				TARGETED_DEVICE_FAMILY = "1,2";
			};
			name = Debug;
		};
		07B7498A20AC57A500D7B649 /* Release */ = {
			isa = XCBuildConfiguration;
			buildSettings = {
				CODE_SIGN_STYLE = Automatic;
				DEVELOPMENT_TEAM = 3XR8BZRTAM;
				INFOPLIST_FILE = Tests/Info.plist;
				LD_RUNPATH_SEARCH_PATHS = (
					"$(inherited)",
					"@executable_path/Frameworks",
					"@loader_path/Frameworks",
				);
				PRODUCT_BUNDLE_IDENTIFIER = com.innerfunction.Tests;
				PRODUCT_NAME = "$(TARGET_NAME)";
				TARGETED_DEVICE_FAMILY = "1,2";
			};
			name = Release;
		};
/* End XCBuildConfiguration section */

/* Begin XCConfigurationList section */
		078B0F6D20AC384200AB61CF /* Build configuration list for PBXProject "FilePathPattern" */ = {
			isa = XCConfigurationList;
			buildConfigurations = (
				078B0F7920AC384200AB61CF /* Debug */,
				078B0F7A20AC384200AB61CF /* Release */,
			);
			defaultConfigurationIsVisible = 0;
			defaultConfigurationName = Release;
		};
		078B0F7B20AC384200AB61CF /* Build configuration list for PBXNativeTarget "FilePathPattern" */ = {
			isa = XCConfigurationList;
			buildConfigurations = (
				078B0F7C20AC384200AB61CF /* Debug */,
				078B0F7D20AC384200AB61CF /* Release */,
			);
			defaultConfigurationIsVisible = 0;
			defaultConfigurationName = Release;
		};
		07B7498820AC57A500D7B649 /* Build configuration list for PBXNativeTarget "Tests" */ = {
			isa = XCConfigurationList;
			buildConfigurations = (
				07B7498920AC57A500D7B649 /* Debug */,
				07B7498A20AC57A500D7B649 /* Release */,
			);
			defaultConfigurationIsVisible = 0;
			defaultConfigurationName = Release;
		};
/* End XCConfigurationList section */
	};
	rootObject = 078B0F6A20AC384200AB61CF /* Project object */;
}
